
Microsoft Visual Studio Solution File, Format Version 12.00
# Visual Studio Version 17
VisualStudioVersion = 17.0.31903.59
MinimumVisualStudioVersion = 10.0.40219.1
Project("{2150E333-8FDC-42A3-9474-1A3956D46DE8}") = "src", "src", "{827E0CD3-B72D-47B6-A68D-7590B98EB39B}"
EndProject
Project("{FAE04EC0-301F-11D3-BF4B-00C04F79EFBC}") = "Matloob.Api", "src\Matloob.Api\Matloob.Api.csproj", "{8E0B4F8E-DB6B-44C5-B4E7-76CA27F8FB64}"
EndProject
Project("{FAE04EC0-301F-11D3-BF4B-00C04F79EFBC}") = "Matloob.Domain", "src\Matloob.Domain\Matloob.Domain.csproj", "{7658D662-0004-4096-B41E-5C46A9D78C97}"
EndProject
Project("{FAE04EC0-301F-11D3-BF4B-00C04F79EFBC}") = "Matloob.Contracts", "src\Matloob.Contracts\Matloob.Contracts.csproj", "{01D47F2F-1313-4CD9-832D-34CB3EF2B70A}"
EndProject
Project("{2150E333-8FDC-42A3-9474-1A3956D46DE8}") = "tests", "tests", "{0AB3BF05-4346-4AA6-1389-037BE0695223}"
EndProject
Project("{FAE04EC0-301F-11D3-BF4B-00C04F79EFBC}") = "Matloob.Api.Tests", "tests\Matloob.Api.Tests\Matloob.Api.Tests.csproj", "{44D2C5B0-976F-471E-B7BF-CC31E0331D5B}"
EndProject
Global
	GlobalSection(SolutionConfigurationPlatforms) = preSolution
		Debug|Any CPU = Debug|Any CPU
		Debug|x64 = Debug|x64
		Debug|x86 = Debug|x86
		Release|Any CPU = Release|Any CPU
		Release|x64 = Release|x64
		Release|x86 = Release|x86
	EndGlobalSection
	GlobalSection(ProjectConfigurationPlatforms) = postSolution
		{8E0B4F8E-DB6B-44C5-B4E7-76CA27F8FB64}.Debug|Any CPU.ActiveCfg = Debug|Any CPU
		{8E0B4F8E-DB6B-44C5-B4E7-76CA27F8FB64}.Debug|Any CPU.Build.0 = Debug|Any CPU
		{8E0B4F8E-DB6B-44C5-B4E7-76CA27F8FB64}.Debug|x64.ActiveCfg = Debug|Any CPU
		{8E0B4F8E-DB6B-44C5-B4E7-76CA27F8FB64}.Debug|x64.Build.0 = Debug|Any CPU
		{8E0B4F8E-DB6B-44C5-B4E7-76CA27F8FB64}.Debug|x86.ActiveCfg = Debug|Any CPU
		{8E0B4F8E-DB6B-44C5-B4E7-76CA27F8FB64}.Debug|x86.Build.0 = Debug|Any CPU
		{8E0B4F8E-DB6B-44C5-B4E7-76CA27F8FB64}.Release|Any CPU.ActiveCfg = Release|Any CPU
		{8E0B4F8E-DB6B-44C5-B4E7-76CA27F8FB64}.Release|Any CPU.Build.0 = Release|Any CPU
		{8E0B4F8E-DB6B-44C5-B4E7-76CA27F8FB64}.Release|x64.ActiveCfg = Release|Any CPU
		{8E0B4F8E-DB6B-44C5-B4E7-76CA27F8FB64}.Release|x64.Build.0 = Release|Any CPU
		{8E0B4F8E-DB6B-44C5-B4E7-76CA27F8FB64}.Release|x86.ActiveCfg = Release|Any CPU
		{8E0B4F8E-DB6B-44C5-B4E7-76CA27F8FB64}.Release|x86.Build.0 = Release|Any CPU
		{7658D662-0004-4096-B41E-5C46A9D78C97}.Debug|Any CPU.ActiveCfg = Debug|Any CPU
		{7658D662-0004-4096-B41E-5C46A9D78C97}.Debug|Any CPU.Build.0 = Debug|Any CPU
		{7658D662-0004-4096-B41E-5C46A9D78C97}.Debug|x64.ActiveCfg = Debug|Any CPU
		{7658D662-0004-4096-B41E-5C46A9D78C97}.Debug|x64.Build.0 = Debug|Any CPU
		{7658D662-0004-4096-B41E-5C46A9D78C97}.Debug|x86.ActiveCfg = Debug|Any CPU
		{7658D662-0004-4096-B41E-5C46A9D78C97}.Debug|x86.Build.0 = Debug|Any CPU
		{7658D662-0004-4096-B41E-5C46A9D78C97}.Release|Any CPU.ActiveCfg = Release|Any CPU
		{7658D662-0004-4096-B41E-5C46A9D78C97}.Release|Any CPU.Build.0 = Release|Any CPU
		{7658D662-0004-4096-B41E-5C46A9D78C97}.Release|x64.ActiveCfg = Release|Any CPU
		{7658D662-0004-4096-B41E-5C46A9D78C97}.Release|x64.Build.0 = Release|Any CPU
		{7658D662-0004-4096-B41E-5C46A9D78C97}.Release|x86.ActiveCfg = Release|Any CPU
		{7658D662-0004-4096-B41E-5C46A9D78C97}.Release|x86.Build.0 = Release|Any CPU
		{01D47F2F-1313-4CD9-832D-34CB3EF2B70A}.Debug|Any CPU.ActiveCfg = Debug|Any CPU
		{01D47F2F-1313-4CD9-832D-34CB3EF2B70A}.Debug|Any CPU.Build.0 = Debug|Any CPU
		{01D47F2F-1313-4CD9-832D-34CB3EF2B70A}.Debug|x64.ActiveCfg = Debug|Any CPU
		{01D47F2F-1313-4CD9-832D-34CB3EF2B70A}.Debug|x64.Build.0 = Debug|Any CPU
		{01D47F2F-1313-4CD9-832D-34CB3EF2B70A}.Debug|x86.ActiveCfg = Debug|Any CPU
		{01D47F2F-1313-4CD9-832D-34CB3EF2B70A}.Debug|x86.Build.0 = Debug|Any CPU
		{01D47F2F-1313-4CD9-832D-34CB3EF2B70A}.Release|Any CPU.ActiveCfg = Release|Any CPU
		{01D47F2F-1313-4CD9-832D-34CB3EF2B70A}.Release|Any CPU.Build.0 = Release|Any CPU
		{01D47F2F-1313-4CD9-832D-34CB3EF2B70A}.Release|x64.ActiveCfg = Release|Any CPU
		{01D47F2F-1313-4CD9-832D-34CB3EF2B70A}.Release|x64.Build.0 = Release|Any CPU
		{01D47F2F-1313-4CD9-832D-34CB3EF2B70A}.Release|x86.ActiveCfg = Release|Any CPU
		{01D47F2F-1313-4CD9-832D-34CB3EF2B70A}.Release|x86.Build.0 = Release|Any CPU
		{44D2C5B0-976F-471E-B7BF-CC31E0331D5B}.Debug|Any CPU.ActiveCfg = Debug|Any CPU
		{44D2C5B0-976F-471E-B7BF-CC31E0331D5B}.Debug|Any CPU.Build.0 = Debug|Any CPU
		{44D2C5B0-976F-471E-B7BF-CC31E0331D5B}.Debug|x64.ActiveCfg = Debug|Any CPU
		{44D2C5B0-976F-471E-B7BF-CC31E0331D5B}.Debug|x64.Build.0 = Debug|Any CPU
		{44D2C5B0-976F-471E-B7BF-CC31E0331D5B}.Debug|x86.ActiveCfg = Debug|Any CPU
		{44D2C5B0-976F-471E-B7BF-CC31E0331D5B}.Debug|x86.Build.0 = Debug|Any CPU
		{44D2C5B0-976F-471E-B7BF-CC31E0331D5B}.Release|Any CPU.ActiveCfg = Release|Any CPU
		{44D2C5B0-976F-471E-B7BF-CC31E0331D5B}.Release|Any CPU.Build.0 = Release|Any CPU
		{44D2C5B0-976F-471E-B7BF-CC31E0331D5B}.Release|x64.ActiveCfg = Release|Any CPU
		{44D2C5B0-976F-471E-B7BF-CC31E0331D5B}.Release|x64.Build.0 = Release|Any CPU
		{44D2C5B0-976F-471E-B7BF-CC31E0331D5B}.Release|x86.ActiveCfg = Release|Any CPU
		{44D2C5B0-976F-471E-B7BF-CC31E0331D5B}.Release|x86.Build.0 = Release|Any CPU
	EndGlobalSection
	GlobalSection(SolutionProperties) = preSolution
		HideSolutionNode = FALSE
	EndGlobalSection
	GlobalSection(NestedProjects) = preSolution
		{8E0B4F8E-DB6B-44C5-B4E7-76CA27F8FB64} = {827E0CD3-B72D-47B6-A68D-7590B98EB39B}
		{7658D662-0004-4096-B41E-5C46A9D78C97} = {827E0CD3-B72D-47B6-A68D-7590B98EB39B}
		{01D47F2F-1313-4CD9-832D-34CB3EF2B70A} = {827E0CD3-B72D-47B6-A68D-7590B98EB39B}
		{44D2C5B0-976F-471E-B7BF-CC31E0331D5B} = {0AB3BF05-4346-4AA6-1389-037BE0695223}
	EndGlobalSection
EndGlobal
